
Microsoft Visual Studio Solution File, Format Version 12.00
# Visual Studio Version 16
VisualStudioVersion = 16.0.29102.190
MinimumVisualStudioVersion = 10.0.40219.1
Project("{9A19103F-16F7-4668-BE54-9A1E7A4F7556}") = "MementoTest", "MementoTest\MementoTest.csproj", "{89CAF0C3-9294-4458-A2BF-4F67F0274A6C}"
EndProject
Project("{FAE04EC0-301F-11D3-BF4B-00C04F79EFBC}") = "MementoLibrary", "MementoLibrary\MementoLibrary.csproj", "{267A39B5-D597-469D-A092-0F17B1634700}"
EndProject
Project("{FAE04EC0-301F-11D3-BF4B-00C04F79EFBC}") = "MementoWPF", "MementoWPF\MementoWPF.csproj", "{0A7F8466-EBB0-4ADF-A069-A6302586085B}"
EndProject
Global
	GlobalSection(SolutionConfigurationPlatforms) = preSolution
		Debug|Any CPU = Debug|Any CPU
		Release|Any CPU = Release|Any CPU
	EndGlobalSection
	GlobalSection(ProjectConfigurationPlatforms) = postSolution
		{89CAF0C3-9294-4458-A2BF-4F67F0274A6C}.Debug|Any CPU.ActiveCfg = Debug|Any CPU
		{89CAF0C3-9294-4458-A2BF-4F67F0274A6C}.Debug|Any CPU.Build.0 = Debug|Any CPU
		{89CAF0C3-9294-4458-A2BF-4F67F0274A6C}.Release|Any CPU.ActiveCfg = Release|Any CPU
		{89CAF0C3-9294-4458-A2BF-4F67F0274A6C}.Release|Any CPU.Build.0 = Release|Any CPU
		{267A39B5-D597-469D-A092-0F17B1634700}.Debug|Any CPU.ActiveCfg = Debug|Any CPU
		{267A39B5-D597-469D-A092-0F17B1634700}.Debug|Any CPU.Build.0 = Debug|Any CPU
		{267A39B5-D597-469D-A092-0F17B1634700}.Release|Any CPU.ActiveCfg = Release|Any CPU
		{267A39B5-D597-469D-A092-0F17B1634700}.Release|Any CPU.Build.0 = Release|Any CPU
		{0A7F8466-EBB0-4ADF-A069-A6302586085B}.Debug|Any CPU.ActiveCfg = Debug|Any CPU
		{0A7F8466-EBB0-4ADF-A069-A6302586085B}.Debug|Any CPU.Build.0 = Debug|Any CPU
		{0A7F8466-EBB0-4ADF-A069-A6302586085B}.Release|Any CPU.ActiveCfg = Release|Any CPU
		{0A7F8466-EBB0-4ADF-A069-A6302586085B}.Release|Any CPU.Build.0 = Release|Any CPU
	EndGlobalSection
	GlobalSection(SolutionProperties) = preSolution
		HideSolutionNode = FALSE
	EndGlobalSection
	GlobalSection(ExtensibilityGlobals) = postSolution
		SolutionGuid = {C7E6113D-7694-48FB-971B-D850E682A2E8}
	EndGlobalSection
EndGlobal
